
Microsoft Visual Studio Solution File, Format Version 12.00
# Visual Studio Version 17
VisualStudioVersion = 17.4.33122.133
MinimumVisualStudioVersion = 10.0.40219.1
Project("{FAE04EC0-301F-11D3-BF4B-00C04F79EFBC}") = "Common", "Common\Common.csproj", "{CA0D6532-9A4C-4240-9859-223E801082E7}"
EndProject
Project("{9A19103F-16F7-4668-BE54-9A1E7A4F7556}") = "Day_01", "Day-01\Day_01.csproj", "{D52DC2F2-768F-465D-BD55-17D8AA6414A6}"
EndProject
Project("{9A19103F-16F7-4668-BE54-9A1E7A4F7556}") = "Day_02", "Day-02\Day_02.csproj", "{C38628C8-54DD-4A9A-B4C0-A7DFD505ADBF}"
EndProject
Global
	GlobalSection(SolutionConfigurationPlatforms) = preSolution
		Debug|Any CPU = Debug|Any CPU
		Release|Any CPU = Release|Any CPU
	EndGlobalSection
	GlobalSection(ProjectConfigurationPlatforms) = postSolution
		{CA0D6532-9A4C-4240-9859-223E801082E7}.Debug|Any CPU.ActiveCfg = Debug|Any CPU
		{CA0D6532-9A4C-4240-9859-223E801082E7}.Debug|Any CPU.Build.0 = Debug|Any CPU
		{CA0D6532-9A4C-4240-9859-223E801082E7}.Release|Any CPU.ActiveCfg = Release|Any CPU
		{CA0D6532-9A4C-4240-9859-223E801082E7}.Release|Any CPU.Build.0 = Release|Any CPU
		{D52DC2F2-768F-465D-BD55-17D8AA6414A6}.Debug|Any CPU.ActiveCfg = Debug|Any CPU
		{D52DC2F2-768F-465D-BD55-17D8AA6414A6}.Debug|Any CPU.Build.0 = Debug|Any CPU
		{D52DC2F2-768F-465D-BD55-17D8AA6414A6}.Release|Any CPU.ActiveCfg = Release|Any CPU
		{D52DC2F2-768F-465D-BD55-17D8AA6414A6}.Release|Any CPU.Build.0 = Release|Any CPU
		{C38628C8-54DD-4A9A-B4C0-A7DFD505ADBF}.Debug|Any CPU.ActiveCfg = Debug|Any CPU
		{C38628C8-54DD-4A9A-B4C0-A7DFD505ADBF}.Debug|Any CPU.Build.0 = Debug|Any CPU
		{C38628C8-54DD-4A9A-B4C0-A7DFD505ADBF}.Release|Any CPU.ActiveCfg = Release|Any CPU
		{C38628C8-54DD-4A9A-B4C0-A7DFD505ADBF}.Release|Any CPU.Build.0 = Release|Any CPU
	EndGlobalSection
	GlobalSection(SolutionProperties) = preSolution
		HideSolutionNode = FALSE
	EndGlobalSection
	GlobalSection(ExtensibilityGlobals) = postSolution
		SolutionGuid = {3F44A72C-411E-4520-A52D-87401AC1B917}
	EndGlobalSection
EndGlobal
